// !$*UTF8*$!
{
	archiveVersion = 1;
	classes = {
	};
	objectVersion = 46;
	objects = {

/* Begin PBXBuildFile section */
		38F3E47C1998362600A32AF5 /* Foundation.framework in Frameworks */ = {isa = PBXBuildFile; fileRef = 38F3E47B1998362600A32AF5 /* Foundation.framework */; };
		38F3E47F1998362600A32AF5 /* main.m in Sources */ = {isa = PBXBuildFile; fileRef = 38F3E47E1998362600A32AF5 /* main.m */; };
		38F3E4831998362600A32AF5 /* second.1 in CopyFiles */ = {isa = PBXBuildFile; fileRef = 38F3E4821998362600A32AF5 /* second.1 */; };
		38F3E48B1999837E00A32AF5 /* Employee.m in Sources */ = {isa = PBXBuildFile; fileRef = 38F3E48A1999837E00A32AF5 /* Employee.m */; };
		38F3E48E199BC8CE00A32AF5 /* twoEmployee.m in Sources */ = {isa = PBXBuildFile; fileRef = 38F3E48D199BC8CE00A32AF5 /* twoEmployee.m */; };
/* End PBXBuildFile section */

/* Begin PBXCopyFilesBuildPhase section */
		38F3E4761998362600A32AF5 /* CopyFiles */ = {
			isa = PBXCopyFilesBuildPhase;
			buildActionMask = 2147483647;
			dstPath = /usr/share/man/man1/;
			dstSubfolderSpec = 0;
			files = (
				38F3E4831998362600A32AF5 /* second.1 in CopyFiles */,
			);
			runOnlyForDeploymentPostprocessing = 1;
		};
/* End PBXCopyFilesBuildPhase section */

/* Begin PBXFileReference section */
		38F3E4781998362600A32AF5 /* second */ = {isa = PBXFileReference; explicitFileType = "compiled.mach-o.executable"; includeInIndex = 0; path = second; sourceTree = BUILT_PRODUCTS_DIR; };
		38F3E47B1998362600A32AF5 /* Foundation.framework */ = {isa = PBXFileReference; lastKnownFileType = wrapper.framework; name = Foundation.framework; path = System/Library/Frameworks/Foundation.framework; sourceTree = SDKROOT; };
		38F3E47E1998362600A32AF5 /* main.m */ = {isa = PBXFileReference; lastKnownFileType = sourcecode.c.objc; path = main.m; sourceTree = "<group>"; };
		38F3E4811998362600A32AF5 /* second-Prefix.pch */ = {isa = PBXFileReference; lastKnownFileType = sourcecode.c.h; path = "second-Prefix.pch"; sourceTree = "<group>"; };
		38F3E4821998362600A32AF5 /* second.1 */ = {isa = PBXFileReference; lastKnownFileType = text.man; path = second.1; sourceTree = "<group>"; };
		38F3E4891999837E00A32AF5 /* Employee.h */ = {isa = PBXFileReference; fileEncoding = 4; lastKnownFileType = sourcecode.c.h; path = Employee.h; sourceTree = "<group>"; };
		38F3E48A1999837E00A32AF5 /* Employee.m */ = {isa = PBXFileReference; fileEncoding = 4; lastKnownFileType = sourcecode.c.objc; path = Employee.m; sourceTree = "<group>"; };
		38F3E48C199BC8CE00A32AF5 /* twoEmployee.h */ = {isa = PBXFileReference; fileEncoding = 4; lastKnownFileType = sourcecode.c.h; path = twoEmployee.h; sourceTree = "<group>"; };
		38F3E48D199BC8CE00A32AF5 /* twoEmployee.m */ = {isa = PBXFileReference; fileEncoding = 4; lastKnownFileType = sourcecode.c.objc; path = twoEmployee.m; sourceTree = "<group>"; };
/* End PBXFileReference section */

/* Begin PBXFrameworksBuildPhase section */
		38F3E4751998362600A32AF5 /* Frameworks */ = {
			isa = PBXFrameworksBuildPhase;
			buildActionMask = 2147483647;
			files = (
				38F3E47C1998362600A32AF5 /* Foundation.framework in Frameworks */,
			);
			runOnlyForDeploymentPostprocessing = 0;
		};
/* End PBXFrameworksBuildPhase section */

/* Begin PBXGroup section */
		38F3E46F1998362600A32AF5 = {
			isa = PBXGroup;
			children = (
				38F3E47D1998362600A32AF5 /* second */,
				38F3E47A1998362600A32AF5 /* Frameworks */,
				38F3E4791998362600A32AF5 /* Products */,
			);
			sourceTree = "<group>";
		};
		38F3E4791998362600A32AF5 /* Products */ = {
			isa = PBXGroup;
			children = (
				38F3E4781998362600A32AF5 /* second */,
			);
			name = Products;
			sourceTree = "<group>";
		};
		38F3E47A1998362600A32AF5 /* Frameworks */ = {
			isa = PBXGroup;
			children = (
				38F3E47B1998362600A32AF5 /* Foundation.framework */,
			);
			name = Frameworks;
			sourceTree = "<group>";
		};
		38F3E47D1998362600A32AF5 /* second */ = {
			isa = PBXGroup;
			children = (
				38F3E47E1998362600A32AF5 /* main.m */,
				38F3E48C199BC8CE00A32AF5 /* twoEmployee.h */,
				38F3E48D199BC8CE00A32AF5 /* twoEmployee.m */,
				38F3E4891999837E00A32AF5 /* Employee.h */,
				38F3E48A1999837E00A32AF5 /* Employee.m */,
				38F3E4821998362600A32AF5 /* second.1 */,
				38F3E4801998362600A32AF5 /* Supporting Files */,
			);
			path = second;
			sourceTree = "<group>";
		};
		38F3E4801998362600A32AF5 /* Supporting Files */ = {
			isa = PBXGroup;
			children = (
				38F3E4811998362600A32AF5 /* second-Prefix.pch */,
			);
			name = "Supporting Files";
			sourceTree = "<group>";
		};
/* End PBXGroup section */

/* Begin PBXNativeTarget section */
		38F3E4771998362600A32AF5 /* second */ = {
			isa = PBXNativeTarget;
			buildConfigurationList = 38F3E4861998362600A32AF5 /* Build configuration list for PBXNativeTarget "second" */;
			buildPhases = (
				38F3E4741998362600A32AF5 /* Sources */,
				38F3E4751998362600A32AF5 /* Frameworks */,
				38F3E4761998362600A32AF5 /* CopyFiles */,
			);
			buildRules = (
			);
			dependencies = (
			);
			name = second;
			productName = second;
			productReference = 38F3E4781998362600A32AF5 /* second */;
			productType = "com.apple.product-type.tool";
		};
/* End PBXNativeTarget section */

/* Begin PBXProject section */
		38F3E4701998362600A32AF5 /* Project object */ = {
			isa = PBXProject;
			attributes = {
				LastUpgradeCheck = 0510;
				ORGANIZATIONNAME = argonix;
			};
			buildConfigurationList = 38F3E4731998362600A32AF5 /* Build configuration list for PBXProject "second" */;
			compatibilityVersion = "Xcode 3.2";
			developmentRegion = English;
			hasScannedForEncodings = 0;
			knownRegions = (
				en,
			);
			mainGroup = 38F3E46F1998362600A32AF5;
			productRefGroup = 38F3E4791998362600A32AF5 /* Products */;
			projectDirPath = "";
			projectRoot = "";
			targets = (
				38F3E4771998362600A32AF5 /* second */,
			);
		};
/* End PBXProject section */

/* Begin PBXSourcesBuildPhase section */
		38F3E4741998362600A32AF5 /* Sources */ = {
			isa = PBXSourcesBuildPhase;
			buildActionMask = 2147483647;
			files = (
				38F3E48E199BC8CE00A32AF5 /* twoEmployee.m in Sources */,
				38F3E47F1998362600A32AF5 /* main.m in Sources */,
				38F3E48B1999837E00A32AF5 /* Employee.m in Sources */,
			);
			runOnlyForDeploymentPostprocessing = 0;
		};
/* End PBXSourcesBuildPhase section */

/* Begin XCBuildConfiguration section */
		38F3E4841998362600A32AF5 /* Debug */ = {
			isa = XCBuildConfiguration;
			buildSettings = {
				ALWAYS_SEARCH_USER_PATHS = NO;
				CLANG_CXX_LANGUAGE_STANDARD = "gnu++0x";
				CLANG_CXX_LIBRARY = "libc++";
				CLANG_ENABLE_MODULES = YES;
				CLANG_ENABLE_OBJC_ARC = YES;
				CLANG_WARN_BOOL_CONVERSION = YES;
				CLANG_WARN_CONSTANT_CONVERSION = YES;
				CLANG_WARN_DIRECT_OBJC_ISA_USAGE = YES_ERROR;
				CLANG_WARN_EMPTY_BODY = YES;
				CLANG_WARN_ENUM_CONVERSION = YES;
				CLANG_WARN_INT_CONVERSION = YES;
				CLANG_WARN_OBJC_ROOT_CLASS = YES_ERROR;
				CLANG_WARN__DUPLICATE_METHOD_MATCH = YES;
				COPY_PHASE_STRIP = NO;
				GCC_C_LANGUAGE_STANDARD = gnu99;
				GCC_DYNAMIC_NO_PIC = NO;
				GCC_ENABLE_OBJC_EXCEPTIONS = YES;
				GCC_OPTIMIZATION_LEVEL = 0;
				GCC_PREPROCESSOR_DEFINITIONS = (
					"DEBUG=1",
					"$(inherited)",
				);
				GCC_SYMBOLS_PRIVATE_EXTERN = NO;
				GCC_WARN_64_TO_32_BIT_CONVERSION = YES;
				GCC_WARN_ABOUT_RETURN_TYPE = YES_ERROR;
				GCC_WARN_UNDECLARED_SELECTOR = YES;
				GCC_WARN_UNINITIALIZED_AUTOS = YES_AGGRESSIVE;
				GCC_WARN_UNUSED_FUNCTION = YES;
				GCC_WARN_UNUSED_VARIABLE = YES;
				MACOSX_DEPLOYMENT_TARGET = 10.9;
				ONLY_ACTIVE_ARCH = YES;
				SDKROOT = macosx;
			};
			name = Debug;
		};
		38F3E4851998362600A32AF5 /* Release */ = {
			isa = XCBuildConfiguration;
			buildSettings = {
				ALWAYS_SEARCH_USER_PATHS = NO;
				CLANG_CXX_LANGUAGE_STANDARD = "gnu++0x";
				CLANG_CXX_LIBRARY = "libc++";
				CLANG_ENABLE_MODULES = YES;
				CLANG_ENABLE_OBJC_ARC = YES;
				CLANG_WARN_BOOL_CONVERSION = YES;
				CLANG_WARN_CONSTANT_CONVERSION = YES;
				CLANG_WARN_DIRECT_OBJC_ISA_USAGE = YES_ERROR;
				CLANG_WARN_EMPTY_BODY = YES;
				CLANG_WARN_ENUM_CONVERSION = YES;
				CLANG_WARN_INT_CONVERSION = YES;
				CLANG_WARN_OBJC_ROOT_CLASS = YES_ERROR;
				CLANG_WARN__DUPLICATE_METHOD_MATCH = YES;
				COPY_PHASE_STRIP = YES;
				DEBUG_INFORMATION_FORMAT = "dwarf-with-dsym";
				ENABLE_NS_ASSERTIONS = NO;
				GCC_C_LANGUAGE_STANDARD = gnu99;
				GCC_ENABLE_OBJC_EXCEPTIONS = YES;
				GCC_WARN_64_TO_32_BIT_CONVERSION = YES;
				GCC_WARN_ABOUT_RETURN_TYPE = YES_ERROR;
				GCC_WARN_UNDECLARED_SELECTOR = YES;
				GCC_WARN_UNINITIALIZED_AUTOS = YES_AGGRESSIVE;
				GCC_WARN_UNUSED_FUNCTION = YES;
				GCC_WARN_UNUSED_VARIABLE = YES;
				MACOSX_DEPLOYMENT_TARGET = 10.9;
				SDKROOT = macosx;
			};
			name = Release;
		};
		38F3E4871998362600A32AF5 /* Debug */ = {
			isa = XCBuildConfiguration;
			buildSettings = {
				GCC_PRECOMPILE_PREFIX_HEADER = YES;
				GCC_PREFIX_HEADER = "second/second-Prefix.pch";
				PRODUCT_NAME = "$(TARGET_NAME)";
			};
			name = Debug;
		};
		38F3E4881998362600A32AF5 /* Release */ = {
			isa = XCBuildConfiguration;
			buildSettings = {
				GCC_PRECOMPILE_PREFIX_HEADER = YES;
				GCC_PREFIX_HEADER = "second/second-Prefix.pch";
				PRODUCT_NAME = "$(TARGET_NAME)";
			};
			name = Release;
		};
/* End XCBuildConfiguration section */

/* Begin XCConfigurationList section */
		38F3E4731998362600A32AF5 /* Build configuration list for PBXProject "second" */ = {
			isa = XCConfigurationList;
			buildConfigurations = (
				38F3E4841998362600A32AF5 /* Debug */,
				38F3E4851998362600A32AF5 /* Release */,
			);
			defaultConfigurationIsVisible = 0;
			defaultConfigurationName = Release;
		};
		38F3E4861998362600A32AF5 /* Build configuration list for PBXNativeTarget "second" */ = {
			isa = XCConfigurationList;
			buildConfigurations = (
				38F3E4871998362600A32AF5 /* Debug */,
				38F3E4881998362600A32AF5 /* Release */,
			);
			defaultConfigurationIsVisible = 0;
		};
/* End XCConfigurationList section */
	};
	rootObject = 38F3E4701998362600A32AF5 /* Project object */;
}
